
Microsoft Visual Studio Solution File, Format Version 12.00
# Visual Studio Version 16
VisualStudioVersion = 16.0.31605.320
MinimumVisualStudioVersion = 10.0.40219.1
Project("{FAE04EC0-301F-11D3-BF4B-00C04F79EFBC}") = "GB-03-01", "GB-03-01\GB-03-01.csproj", "{47245678-F1CA-4A60-A237-BF8ECC46F453}"
EndProject
Project("{FAE04EC0-301F-11D3-BF4B-00C04F79EFBC}") = "Test01", "Test01\Test01.csproj", "{815951FA-5C48-454B-B36E-B20AC382CC06}"
EndProject
Project("{FAE04EC0-301F-11D3-BF4B-00C04F79EFBC}") = "L01", "L01\L01.csproj", "{F0B8CD35-F8C5-4A98-873A-BAC1DE5CB238}"
EndProject
Global
	GlobalSection(SolutionConfigurationPlatforms) = preSolution
		Debug|Any CPU = Debug|Any CPU
		Release|Any CPU = Release|Any CPU
	EndGlobalSection
	GlobalSection(ProjectConfigurationPlatforms) = postSolution
		{47245678-F1CA-4A60-A237-BF8ECC46F453}.Debug|Any CPU.ActiveCfg = Debug|Any CPU
		{47245678-F1CA-4A60-A237-BF8ECC46F453}.Debug|Any CPU.Build.0 = Debug|Any CPU
		{47245678-F1CA-4A60-A237-BF8ECC46F453}.Release|Any CPU.ActiveCfg = Release|Any CPU
		{47245678-F1CA-4A60-A237-BF8ECC46F453}.Release|Any CPU.Build.0 = Release|Any CPU
		{815951FA-5C48-454B-B36E-B20AC382CC06}.Debug|Any CPU.ActiveCfg = Debug|Any CPU
		{815951FA-5C48-454B-B36E-B20AC382CC06}.Debug|Any CPU.Build.0 = Debug|Any CPU
		{815951FA-5C48-454B-B36E-B20AC382CC06}.Release|Any CPU.ActiveCfg = Release|Any CPU
		{815951FA-5C48-454B-B36E-B20AC382CC06}.Release|Any CPU.Build.0 = Release|Any CPU
		{F0B8CD35-F8C5-4A98-873A-BAC1DE5CB238}.Debug|Any CPU.ActiveCfg = Debug|Any CPU
		{F0B8CD35-F8C5-4A98-873A-BAC1DE5CB238}.Debug|Any CPU.Build.0 = Debug|Any CPU
		{F0B8CD35-F8C5-4A98-873A-BAC1DE5CB238}.Release|Any CPU.ActiveCfg = Release|Any CPU
		{F0B8CD35-F8C5-4A98-873A-BAC1DE5CB238}.Release|Any CPU.Build.0 = Release|Any CPU
	EndGlobalSection
	GlobalSection(SolutionProperties) = preSolution
		HideSolutionNode = FALSE
	EndGlobalSection
	GlobalSection(ExtensibilityGlobals) = postSolution
		SolutionGuid = {475E1032-97A5-4A20-AACA-708DC631B9A4}
	EndGlobalSection
EndGlobal
